
Microsoft Visual Studio Solution File, Format Version 12.00
# Visual Studio 15
VisualStudioVersion = 15.0.28307.329
MinimumVisualStudioVersion = 10.0.40219.1
Project("{FAE04EC0-301F-11D3-BF4B-00C04F79EFBC}") = "Flags_And_IPs", "Flags_And_IPs\Flags_And_IPs.csproj", "{90F15948-E409-4F4D-A549-973A92058035}"
EndProject
Global
	GlobalSection(SolutionConfigurationPlatforms) = preSolution
		Debug|Any CPU = Debug|Any CPU
		Release|Any CPU = Release|Any CPU
	EndGlobalSection
	GlobalSection(ProjectConfigurationPlatforms) = postSolution
		{90F15948-E409-4F4D-A549-973A92058035}.Debug|Any CPU.ActiveCfg = Debug|Any CPU
		{90F15948-E409-4F4D-A549-973A92058035}.Debug|Any CPU.Build.0 = Debug|Any CPU
		{90F15948-E409-4F4D-A549-973A92058035}.Release|Any CPU.ActiveCfg = Release|Any CPU
		{90F15948-E409-4F4D-A549-973A92058035}.Release|Any CPU.Build.0 = Release|Any CPU
	EndGlobalSection
	GlobalSection(SolutionProperties) = preSolution
		HideSolutionNode = FALSE
	EndGlobalSection
	GlobalSection(ExtensibilityGlobals) = postSolution
		SolutionGuid = {B922C7D7-9640-4747-A4B4-AD69ABE4720D}
	EndGlobalSection
EndGlobal
